{
    "_readme": [
        "This file locks the dependencies of your project to a known state",
        "Read more about it at https://getcomposer.org/doc/01-basic-usage.md#installing-dependencies",
        "This file is @generated automatically"
    ],
    "content-hash": "5e4e7c54c9c6ea6f663266fcea162b25",
    "packages": [
        {
            "name": "asispts/http-accept",
            "version": "v1.0.0",
            "source": {
                "type": "git",
                "url": "https://github.com/asispts/http-accept.git",
                "reference": "7beca5a724ef329bb5a0094b5aef7bfeab1193ae"
            },
            "dist": {
                "type": "zip",
                "url": "https://api.github.com/repos/asispts/http-accept/zipball/7beca5a724ef329bb5a0094b5aef7bfeab1193ae",
                "reference": "7beca5a724ef329bb5a0094b5aef7bfeab1193ae",
                "shasum": ""
            },
            "require": {
                "php": "^7.2|^8.0"
            },
            "require-dev": {
                "asispts/ptscs": "^1.0",
                "phpstan/phpstan": "^1.4",
                "phpstan/phpstan-phpunit": "^1.0",
                "phpunit/phpunit": "^8.5|^9.5|^10.0"
            },
            "type": "library",
            "autoload": {
                "psr-4": {
                    "HttpAccept\\": "src"
                }
            },
            "notification-url": "https://packagist.org/downloads/",
            "license": [
                "Apache-2.0"
            ],
            "authors": [
                {
                    "name": "Asis Pattisahusiwa",
                    "email": "asispts@gmail.com"
                }
            ],
            "description": "PHP Parser to deal with HTTP Accept, Accept-Language, Accept-Encoding, and Content-Type headers",
            "homepage": "https://github.com/asispts/http-accept",
            "keywords": [
                "accept",
                "accept-encoding",
                "accept-language",
                "content-type",
                "http-header-parser",
                "http-headers"
            ],
            "support": {
                "issues": "https://github.com/asispts/http-accept/issues",
                "source": "https://github.com/asispts/http-accept/tree/v1.0.0"
            },
            "time": "2023-04-28T02:59:23+00:00"
        }
    ],
    "packages-dev": [],
    "aliases": [],
    "minimum-stability": "stable",
    "stability-flags": [],
    "prefer-stable": false,
    "prefer-lowest": false,
    "platform": {
        "php": ">=8.0"
    },
    "platform-dev": [],
    "plugin-api-version": "2.6.0"
}
